
Microsoft Visual Studio Solution File, Format Version 12.00
# Visual Studio Version 17
VisualStudioVersion = 17.3.32929.385
MinimumVisualStudioVersion = 10.0.40219.1
Project("{9A19103F-16F7-4668-BE54-9A1E7A4F7556}") = "todoapp-server.API", "todoapp-server.api\todoapp-server.API.csproj", "{ABDD5579-AD14-44A2-8F0E-53AACECBD172}"
EndProject
Project("{9A19103F-16F7-4668-BE54-9A1E7A4F7556}") = "todoapp-server.Library", "todoapp-server.Library\todoapp-server.Library.csproj", "{A3376ABD-1977-48E6-BDA2-70961A5F6244}"
EndProject
Project("{FAE04EC0-301F-11D3-BF4B-00C04F79EFBC}") = "todoapp-server.Tests", "todoapp-server.Tests\todoapp-server.Tests.csproj", "{F414E7CC-1CE3-45A2-9999-9FF9DDC363D6}"
	ProjectSection(ProjectDependencies) = postProject
		{A3376ABD-1977-48E6-BDA2-70961A5F6244} = {A3376ABD-1977-48E6-BDA2-70961A5F6244}
	EndProjectSection
EndProject
Global
	GlobalSection(SolutionConfigurationPlatforms) = preSolution
		Debug|Any CPU = Debug|Any CPU
		Release|Any CPU = Release|Any CPU
	EndGlobalSection
	GlobalSection(ProjectConfigurationPlatforms) = postSolution
		{ABDD5579-AD14-44A2-8F0E-53AACECBD172}.Debug|Any CPU.ActiveCfg = Debug|Any CPU
		{ABDD5579-AD14-44A2-8F0E-53AACECBD172}.Debug|Any CPU.Build.0 = Debug|Any CPU
		{ABDD5579-AD14-44A2-8F0E-53AACECBD172}.Release|Any CPU.ActiveCfg = Release|Any CPU
		{ABDD5579-AD14-44A2-8F0E-53AACECBD172}.Release|Any CPU.Build.0 = Release|Any CPU
		{A3376ABD-1977-48E6-BDA2-70961A5F6244}.Debug|Any CPU.ActiveCfg = Debug|Any CPU
		{A3376ABD-1977-48E6-BDA2-70961A5F6244}.Debug|Any CPU.Build.0 = Debug|Any CPU
		{A3376ABD-1977-48E6-BDA2-70961A5F6244}.Release|Any CPU.ActiveCfg = Release|Any CPU
		{A3376ABD-1977-48E6-BDA2-70961A5F6244}.Release|Any CPU.Build.0 = Release|Any CPU
		{F414E7CC-1CE3-45A2-9999-9FF9DDC363D6}.Debug|Any CPU.ActiveCfg = Debug|Any CPU
		{F414E7CC-1CE3-45A2-9999-9FF9DDC363D6}.Debug|Any CPU.Build.0 = Debug|Any CPU
		{F414E7CC-1CE3-45A2-9999-9FF9DDC363D6}.Release|Any CPU.ActiveCfg = Release|Any CPU
		{F414E7CC-1CE3-45A2-9999-9FF9DDC363D6}.Release|Any CPU.Build.0 = Release|Any CPU
	EndGlobalSection
	GlobalSection(SolutionProperties) = preSolution
		HideSolutionNode = FALSE
	EndGlobalSection
	GlobalSection(ExtensibilityGlobals) = postSolution
		SolutionGuid = {57B83309-8C0A-4654-AE0A-CD0EE90CE5B7}
	EndGlobalSection
EndGlobal
